lockfileVersion: '9.0'

settings:
  autoInstallPeers: true
  excludeLinksFromLockfile: false

dependencies:
  '@hookform/resolvers':
    specifier: ^3.3.0
    version: 3.3.4
  '@prisma/client':
    specifier: ^5.10.0
    version: 5.10.0
  prisma:
    specifier: ^5.10.0
    version: 5.10.0
  '@radix-ui/react-accordion':
    specifier: ^1.1.0
    version: 1.1.0
  '@radix-ui/react-alert-dialog':
    specifier: ^1.0.0
    version: 1.0.0
  '@radix-ui/react-avatar':
    specifier: ^1.0.0
    version: 1.0.0
  '@radix-ui/react-checkbox':
    specifier: ^1.0.0
    version: 1.0.0
  '@radix-ui/react-dialog':
    specifier: ^1.0.0
    version: 1.0.0
  '@radix-ui/react-dropdown-menu':
    specifier: ^2.0.0
    version: 2.0.0
  '@radix-ui/react-label':
    specifier: ^2.0.0
    version: 2.0.0
  '@radix-ui/react-popover':
    specifier: ^1.0.0
    version: 1.0.0
  '@radix-ui/react-select':
    specifier: ^2.2.6
    version: 2.2.6
  '@radix-ui/react-separator':
    specifier: ^1.0.0
    version: 1.0.0
  '@radix-ui/react-slot':
    specifier: ^1.2.4
    version: 1.2.4
  '@radix-ui/react-tabs':
    specifier: ^1.0.0
    version: 1.0.0
  '@radix-ui/react-toast':
    specifier: ^1.1.0
    version: 1.1.0
  '@radix-ui/react-tooltip':
    specifier: ^1.0.0
    version: 1.0.0
  '@stripe/stripe-js':
    specifier: ^3.0.0
    version: 3.0.0
  '@supabase/ssr':
    specifier: ^0.8.0
    version: 0.8.0
  '@supabase/supabase-js':
    specifier: ^2.97.0
    version: 2.97.0
  '@tanstack/react-query':
    specifier: ^5.90.20
    version: 5.90.20
  class-variance-authority:
    specifier: ^0.7.0
    version: 0.7.0
  clsx:
    specifier: ^2.1.0
    version: 2.1.0
  date-fns:
    specifier: ^3.3.0
    version: 3.3.0
  dotenv:
    specifier: ^17.2.3
    version: 17.2.3
  framer-motion:
    specifier: ^11.0.0
    version: 11.0.0
  lucide-react:
    specifier: ^0.575.0
    version: 0.575.0
  meilisearch:
    specifier: ^0.38.0
    version: 0.38.0
  next:
    specifier: ^15.5.10
    version: 15.5.10
  next-themes:
    specifier: ^0.4.6
    version: 0.4.6
  node-fetch:
    specifier: ^3.3.2
    version: 3.3.2
  pg:
    specifier: ^8.16.3
    version: 8.16.3
  react:
    specifier: ^18.3.0
    version: 18.3.0
  react-dom:
    specifier: ^18.3.0
    version: 18.3.0
  react-hook-form:
    specifier: ^7.71.2
    version: 7.71.2
  resend:
    specifier: ^3.2.0
    version: 3.2.0
  sonner:
    specifier: ^2.0.7
    version: 2.0.7
  stripe:
    specifier: ^14.20.0
    version: 14.20.0
  tailwind-merge:
    specifier: ^2.2.0
    version: 2.2.0
  tailwindcss-animate:
    specifier: ^1.0.7
    version: 1.0.7
  zod:
    specifier: ^3.22.0
    version: 3.22.0
  zustand:
    specifier: ^4.5.0
    version: 4.5.0

devDependencies:
  '@playwright/test':
    specifier: ^1.42.0
    version: 1.42.0
  '@storybook/addon-a11y':
    specifier: ^8.6.15
    version: 8.6.15
  '@storybook/addon-essentials':
    specifier: ^8.0.0
    version: 8.0.0
  '@storybook/addon-interactions':
    specifier: ^8.0.0
    version: 8.0.0
  '@storybook/nextjs':
    specifier: ^8.0.0
    version: 8.0.0
  '@storybook/react':
    specifier: ^8.6.15
    version: 8.6.15
  '@testing-library/jest-dom':
    specifier: ^6.9.1
    version: 6.9.1
  '@testing-library/react':
    specifier: ^16.3.2
    version: 16.3.2
  '@testing-library/user-event':
    specifier: ^14.6.1
    version: 14.6.1
  '@types/node':
    specifier: ^20.19.30
    version: 20.19.30
  '@types/react':
    specifier: ^18.2.0
    version: 18.2.0
  '@types/react-dom':
    specifier: ^18.2.0
    version: 18.2.0
  '@typescript-eslint/eslint-plugin':
    specifier: ^7.0.0
    version: 7.0.0
  '@typescript-eslint/parser':
    specifier: ^7.0.0
    version: 7.0.0
  '@vitejs/plugin-react':
    specifier: ^4.7.0
    version: 4.7.0
  '@vitest/coverage-v8':
    specifier: ^1.3.0
    version: 1.3.0
  '@vitest/ui':
    specifier: ^1.3.0
    version: 1.3.0
  autoprefixer:
    specifier: ^10.4.24
    version: 10.4.24
  eslint:
    specifier: ^8.57.0
    version: 8.57.0
  eslint-config-next:
    specifier: ^14.2.35
    version: 14.2.35
  glob:
    specifier: ^13.0.6
    version: 13.0.6
  husky:
    specifier: ^9.0.0
    version: 9.0.0
  jsdom:
    specifier: ^28.1.0
    version: 28.1.0
  lint-staged:
    specifier: ^15.2.0
    version: 15.2.0
  postcss:
    specifier: ^8.5.6
    version: 8.5.6
  prettier:
    specifier: ^3.2.0
    version: 3.2.0
  prettier-plugin-tailwindcss:
    specifier: ^0.7.2
    version: 0.7.2
  tailwindcss:
    specifier: ^3.4.19
    version: 3.4.19
  tsx:
    specifier: ^4.7.0
    version: 4.7.0
  typescript:
    specifier: ^5.9.3
    version: 5.9.3
  vitest:
    specifier: ^1.3.0
    version: 1.3.0

packages: {}
